// !$*UTF8*$!
{
	archiveVersion = 1;
	classes = {
	};
	objectVersion = 56;
	objects = {

/* Begin PBXBuildFile section */
		220010002C12345600000001 /* MainContainerView.swift in Sources */ = {isa = PBXBuildFile; fileRef = 220000002C12345600000001 /* MainContainerView.swift */; };
		220010012C12345600000001 /* AppColors.swift in Sources */ = {isa = PBXBuildFile; fileRef = 220000012C12345600000001 /* AppColors.swift */; };
		220010022C12345600000001 /* UserModels.swift in Sources */ = {isa = PBXBuildFile; fileRef = 220000022C12345600000001 /* UserModels.swift */; };
		220010032C12345600000001 /* DeviceModels.swift in Sources */ = {isa = PBXBuildFile; fileRef = 220000032C12345600000001 /* DeviceModels.swift */; };
		220010042C12345600000001 /* TicketModels.swift in Sources */ = {isa = PBXBuildFile; fileRef = 220000042C12345600000001 /* TicketModels.swift */; };
		220010052C12345600000001 /* AttendanceModels.swift in Sources */ = {isa = PBXBuildFile; fileRef = 220000052C12345600000001 /* AttendanceModels.swift */; };
		220010062C12345600000001 /* ShiftModels.swift in Sources */ = {isa = PBXBuildFile; fileRef = 220000062C12345600000001 /* ShiftModels.swift */; };
		220010072C12345600000001 /* OrganizationModels.swift in Sources */ = {isa = PBXBuildFile; fileRef = 220000072C12345600000001 /* OrganizationModels.swift */; };
		220010082C12345600000001 /* FirebaseConfig.swift in Sources */ = {isa = PBXBuildFile; fileRef = 220000082C12345600000001 /* FirebaseConfig.swift */; };
		220010092C12345600000001 /* FirestoreHelper.swift in Sources */ = {isa = PBXBuildFile; fileRef = 220000092C12345600000001 /* FirestoreHelper.swift */; };
		220010102C12345600000001 /* AuthService.swift in Sources */ = {isa = PBXBuildFile; fileRef = 220000102C12345600000001 /* AuthService.swift */; };
		220010112C12345600000001 /* AuthViewModel.swift in Sources */ = {isa = PBXBuildFile; fileRef = 220000112C12345600000001 /* AuthViewModel.swift */; };
		220010122C12345600000001 /* HomeViewModel.swift in Sources */ = {isa = PBXBuildFile; fileRef = 220000122C12345600000001 /* HomeViewModel.swift */; };
		220010132C12345600000001 /* DeviceViewModel.swift in Sources */ = {isa = PBXBuildFile; fileRef = 220000132C12345600000001 /* DeviceViewModel.swift */; };
		220010142C12345600000001 /* SupportViewModel.swift in Sources */ = {isa = PBXBuildFile; fileRef = 220000142C12345600000001 /* SupportViewModel.swift */; };
		220010152C12345600000001 /* AttendanceViewModel.swift in Sources */ = {isa = PBXBuildFile; fileRef = 220000152C12345600000001 /* AttendanceViewModel.swift */; };
		220010162C12345600000001 /* ShiftViewModel.swift in Sources */ = {isa = PBXBuildFile; fileRef = 220000162C12345600000001 /* ShiftViewModel.swift */; };
		220010172C12345600000001 /* LoginView.swift in Sources */ = {isa = PBXBuildFile; fileRef = 220000172C12345600000001 /* LoginView.swift */; };
		220010182C12345600000001 /* AppSidebarDrawer.swift in Sources */ = {isa = PBXBuildFile; fileRef = 220000182C12345600000001 /* AppSidebarDrawer.swift */; };
		220010192C12345600000001 /* HomeScreenView.swift in Sources */ = {isa = PBXBuildFile; fileRef = 220000192C12345600000001 /* HomeScreenView.swift */; };
		220010202C12345600000001 /* DeviceListView.swift in Sources */ = {isa = PBXBuildFile; fileRef = 220000202C12345600000001 /* DeviceListView.swift */; };
		220010212C12345600000001 /* SupportHubView.swift in Sources */ = {isa = PBXBuildFile; fileRef = 220000212C12345600000001 /* SupportHubView.swift */; };
		220010222C12345600000001 /* TicketChatDetailView.swift in Sources */ = {isa = PBXBuildFile; fileRef = 220000222C12345600000001 /* TicketChatDetailView.swift */; };
		220010232C12345600000001 /* AttendanceCheckInView.swift in Sources */ = {isa = PBXBuildFile; fileRef = 220000232C12345600000001 /* AttendanceCheckInView.swift */; };
		220010242C12345600000001 /* ShiftScheduleView.swift in Sources */ = {isa = PBXBuildFile; fileRef = 220000242C12345600000001 /* ShiftScheduleView.swift */; };
		110000152C12345600000001 /* Assets.xcassets in Resources */ = {isa = PBXBuildFile; fileRef = 110000162C12345600000001 /* Assets.xcassets */; };
		110000012C12345600000001 /* iOSApp.swift in Sources */ = {isa = PBXBuildFile; fileRef = 110000022C12345600000001 /* iOSApp.swift */; };
		110000032C12345600000001 /* ContentView.swift in Sources */ = {isa = PBXBuildFile; fileRef = 110000042C12345600000001 /* ContentView.swift */; };
		110000B12C12345600000001 /* CoopmartDirectory.swift in Sources */ = {isa = PBXBuildFile; fileRef = 110000A12C12345600000001 /* CoopmartDirectory.swift */; };
		110000B22C12345600000001 /* OSRMRoutingService.swift in Sources */ = {isa = PBXBuildFile; fileRef = 110000A22C12345600000001 /* OSRMRoutingService.swift */; };
		110000B32C12345600000001 /* CloudinaryService.swift in Sources */ = {isa = PBXBuildFile; fileRef = 110000A32C12345600000001 /* CloudinaryService.swift */; };
		110000B42C12345600000001 /* ZaloAssetConstants.swift in Sources */ = {isa = PBXBuildFile; fileRef = 110000A42C12345600000001 /* ZaloAssetConstants.swift */; };
		110000B52C12345600000001 /* MediaViewerSheet.swift in Sources */ = {isa = PBXBuildFile; fileRef = 110000A52C12345600000001 /* MediaViewerSheet.swift */; };
		110000B62C12345600000001 /* BarcodeQrGenerator.swift in Sources */ = {isa = PBXBuildFile; fileRef = 110000A62C12345600000001 /* BarcodeQrGenerator.swift */; };
		110000B72C12345600000001 /* BluetoothPrinterService.swift in Sources */ = {isa = PBXBuildFile; fileRef = 110000A72C12345600000001 /* BluetoothPrinterService.swift */; };
		110000B82C12345600000001 /* PrintScreenView.swift in Sources */ = {isa = PBXBuildFile; fileRef = 110000A82C12345600000001 /* PrintScreenView.swift */; };
		110000B92C12345600000001 /* LiveTrackingMapView.swift in Sources */ = {isa = PBXBuildFile; fileRef = 110000A92C12345600000001 /* LiveTrackingMapView.swift */; };
		110000D12C12345600000001 /* AttendanceManagementView.swift in Sources */ = {isa = PBXBuildFile; fileRef = 110000C12C12345600000001 /* AttendanceManagementView.swift */; };
		110000D22C12345600000001 /* UserManagementFullView.swift in Sources */ = {isa = PBXBuildFile; fileRef = 110000C22C12345600000001 /* UserManagementFullView.swift */; };
		110000D32C12345600000001 /* DepartmentManagerFullView.swift in Sources */ = {isa = PBXBuildFile; fileRef = 110000C32C12345600000001 /* DepartmentManagerFullView.swift */; };
		110000D42C12345600000001 /* DeviceManagementFullView.swift in Sources */ = {isa = PBXBuildFile; fileRef = 110000C42C12345600000001 /* DeviceManagementFullView.swift */; };
		110000F12C12345600000001 /* ApproveStaffFullView.swift in Sources */ = {isa = PBXBuildFile; fileRef = 110000E12C12345600000001 /* ApproveStaffFullView.swift */; };
		110000F22C12345600000001 /* ShiftScheduleFullView.swift in Sources */ = {isa = PBXBuildFile; fileRef = 110000E22C12345600000001 /* ShiftScheduleFullView.swift */; };
		110000F32C12345600000001 /* OnlineKtvMonitorFullView.swift in Sources */ = {isa = PBXBuildFile; fileRef = 110000E32C12345600000001 /* OnlineKtvMonitorFullView.swift */; };
		110000F42C12345600000001 /* SupportRatingReportFullView.swift in Sources */ = {isa = PBXBuildFile; fileRef = 110000E42C12345600000001 /* SupportRatingReportFullView.swift */; };
		110000F52C12345600000001 /* UnitRegionManagerFullView.swift in Sources */ = {isa = PBXBuildFile; fileRef = 110000E52C12345600000001 /* UnitRegionManagerFullView.swift */; };
		110001112C12345600000001 /* AddDeviceFullView.swift in Sources */ = {isa = PBXBuildFile; fileRef = 110001012C12345600000001 /* AddDeviceFullView.swift */; };
		110001122C12345600000001 /* DeviceTypeManagerFullView.swift in Sources */ = {isa = PBXBuildFile; fileRef = 110001022C12345600000001 /* DeviceTypeManagerFullView.swift */; };
		110001132C12345600000001 /* HardwareScannerSettingsFullView.swift in Sources */ = {isa = PBXBuildFile; fileRef = 110001032C12345600000001 /* HardwareScannerSettingsFullView.swift */; };
		110001142C12345600000001 /* AssetStatisticsFullView.swift in Sources */ = {isa = PBXBuildFile; fileRef = 110001042C12345600000001 /* AssetStatisticsFullView.swift */; };
		110001152C12345600000001 /* PaywallLicenseFullView.swift in Sources */ = {isa = PBXBuildFile; fileRef = 110001052C12345600000001 /* PaywallLicenseFullView.swift */; };
		110001162C12345600000001 /* SpecialistTeamManagerFullView.swift in Sources */ = {isa = PBXBuildFile; fileRef = 110001062C12345600000001 /* SpecialistTeamManagerFullView.swift */; };
		110001172C12345600000001 /* AppInfoFullView.swift in Sources */ = {isa = PBXBuildFile; fileRef = 110001072C12345600000001 /* AppInfoFullView.swift */; };
		110001182C12345600000001 /* SystemSettingsFullView.swift in Sources */ = {isa = PBXBuildFile; fileRef = 110001082C12345600000001 /* SystemSettingsFullView.swift */; };
/* End PBXBuildFile section */

/* Begin PBXFileReference section */
		220000002C12345600000001 /* MainContainerView.swift */ = {isa = PBXFileReference; lastKnownFileType = sourcecode.swift; path = "App/MainContainerView.swift"; sourceTree = "<group>"; };
		220000012C12345600000001 /* AppColors.swift */ = {isa = PBXFileReference; lastKnownFileType = sourcecode.swift; path = "Theme/AppColors.swift"; sourceTree = "<group>"; };
		220000022C12345600000001 /* UserModels.swift */ = {isa = PBXFileReference; lastKnownFileType = sourcecode.swift; path = "Models/UserModels.swift"; sourceTree = "<group>"; };
		220000032C12345600000001 /* DeviceModels.swift */ = {isa = PBXFileReference; lastKnownFileType = sourcecode.swift; path = "Models/DeviceModels.swift"; sourceTree = "<group>"; };
		220000042C12345600000001 /* TicketModels.swift */ = {isa = PBXFileReference; lastKnownFileType = sourcecode.swift; path = "Models/TicketModels.swift"; sourceTree = "<group>"; };
		220000052C12345600000001 /* AttendanceModels.swift */ = {isa = PBXFileReference; lastKnownFileType = sourcecode.swift; path = "Models/AttendanceModels.swift"; sourceTree = "<group>"; };
		220000062C12345600000001 /* ShiftModels.swift */ = {isa = PBXFileReference; lastKnownFileType = sourcecode.swift; path = "Models/ShiftModels.swift"; sourceTree = "<group>"; };
		220000072C12345600000001 /* OrganizationModels.swift */ = {isa = PBXFileReference; lastKnownFileType = sourcecode.swift; path = "Models/OrganizationModels.swift"; sourceTree = "<group>"; };
		220000082C12345600000001 /* FirebaseConfig.swift */ = {isa = PBXFileReference; lastKnownFileType = sourcecode.swift; path = "Services/FirebaseConfig.swift"; sourceTree = "<group>"; };
		220000092C12345600000001 /* FirestoreHelper.swift */ = {isa = PBXFileReference; lastKnownFileType = sourcecode.swift; path = "Services/FirestoreHelper.swift"; sourceTree = "<group>"; };
		220000102C12345600000001 /* AuthService.swift */ = {isa = PBXFileReference; lastKnownFileType = sourcecode.swift; path = "Services/AuthService.swift"; sourceTree = "<group>"; };
		220000112C12345600000001 /* AuthViewModel.swift */ = {isa = PBXFileReference; lastKnownFileType = sourcecode.swift; path = "ViewModels/AuthViewModel.swift"; sourceTree = "<group>"; };
		220000122C12345600000001 /* HomeViewModel.swift */ = {isa = PBXFileReference; lastKnownFileType = sourcecode.swift; path = "ViewModels/HomeViewModel.swift"; sourceTree = "<group>"; };
		220000132C12345600000001 /* DeviceViewModel.swift */ = {isa = PBXFileReference; lastKnownFileType = sourcecode.swift; path = "ViewModels/DeviceViewModel.swift"; sourceTree = "<group>"; };
		220000142C12345600000001 /* SupportViewModel.swift */ = {isa = PBXFileReference; lastKnownFileType = sourcecode.swift; path = "ViewModels/SupportViewModel.swift"; sourceTree = "<group>"; };
		220000152C12345600000001 /* AttendanceViewModel.swift */ = {isa = PBXFileReference; lastKnownFileType = sourcecode.swift; path = "ViewModels/AttendanceViewModel.swift"; sourceTree = "<group>"; };
		220000162C12345600000001 /* ShiftViewModel.swift */ = {isa = PBXFileReference; lastKnownFileType = sourcecode.swift; path = "ViewModels/ShiftViewModel.swift"; sourceTree = "<group>"; };
		220000172C12345600000001 /* LoginView.swift */ = {isa = PBXFileReference; lastKnownFileType = sourcecode.swift; path = "Views/Screens/Auth/LoginView.swift"; sourceTree = "<group>"; };
		220000182C12345600000001 /* AppSidebarDrawer.swift */ = {isa = PBXFileReference; lastKnownFileType = sourcecode.swift; path = "Views/Screens/Home/AppSidebarDrawer.swift"; sourceTree = "<group>"; };
		220000192C12345600000001 /* HomeScreenView.swift */ = {isa = PBXFileReference; lastKnownFileType = sourcecode.swift; path = "Views/Screens/Home/HomeScreenView.swift"; sourceTree = "<group>"; };
		220000202C12345600000001 /* DeviceListView.swift */ = {isa = PBXFileReference; lastKnownFileType = sourcecode.swift; path = "Views/Screens/Devices/DeviceListView.swift"; sourceTree = "<group>"; };
		220000212C12345600000001 /* SupportHubView.swift */ = {isa = PBXFileReference; lastKnownFileType = sourcecode.swift; path = "Views/Screens/Support/SupportHubView.swift"; sourceTree = "<group>"; };
		220000222C12345600000001 /* TicketChatDetailView.swift */ = {isa = PBXFileReference; lastKnownFileType = sourcecode.swift; path = "Views/Screens/Support/TicketChatDetailView.swift"; sourceTree = "<group>"; };
		220000232C12345600000001 /* AttendanceCheckInView.swift */ = {isa = PBXFileReference; lastKnownFileType = sourcecode.swift; path = "Views/Screens/Attendance/AttendanceCheckInView.swift"; sourceTree = "<group>"; };
		220000242C12345600000001 /* ShiftScheduleView.swift */ = {isa = PBXFileReference; lastKnownFileType = sourcecode.swift; path = "Views/Screens/Shift/ShiftScheduleView.swift"; sourceTree = "<group>"; };
		110000162C12345600000001 /* Assets.xcassets */ = {isa = PBXFileReference; lastKnownFileType = folder.assetcatalog; path = Assets.xcassets; sourceTree = "<group>"; };
		110000052C12345600000001 /* QLTB.app */ = {isa = PBXFileReference; explicitFileType = wrapper.application; includeInIndex = 0; path = QLTB.app; sourceTree = BUILT_PRODUCTS_DIR; };
		110000022C12345600000001 /* iOSApp.swift */ = {isa = PBXFileReference; lastKnownFileType = sourcecode.swift; path = iOSApp.swift; sourceTree = "<group>"; };
		110000042C12345600000001 /* ContentView.swift */ = {isa = PBXFileReference; lastKnownFileType = sourcecode.swift; path = ContentView.swift; sourceTree = "<group>"; };
		110000062C12345600000001 /* Info.plist */ = {isa = PBXFileReference; lastKnownFileType = text.plist.xml; path = Info.plist; sourceTree = "<group>"; };
		110000A12C12345600000001 /* CoopmartDirectory.swift */ = {isa = PBXFileReference; lastKnownFileType = sourcecode.swift; path = CoopmartDirectory.swift; sourceTree = "<group>"; };
		110000A22C12345600000001 /* OSRMRoutingService.swift */ = {isa = PBXFileReference; lastKnownFileType = sourcecode.swift; path = OSRMRoutingService.swift; sourceTree = "<group>"; };
		110000A32C12345600000001 /* CloudinaryService.swift */ = {isa = PBXFileReference; lastKnownFileType = sourcecode.swift; path = CloudinaryService.swift; sourceTree = "<group>"; };
		110000A42C12345600000001 /* ZaloAssetConstants.swift */ = {isa = PBXFileReference; lastKnownFileType = sourcecode.swift; path = ZaloAssetConstants.swift; sourceTree = "<group>"; };
		110000A52C12345600000001 /* MediaViewerSheet.swift */ = {isa = PBXFileReference; lastKnownFileType = sourcecode.swift; path = MediaViewerSheet.swift; sourceTree = "<group>"; };
		110000A62C12345600000001 /* BarcodeQrGenerator.swift */ = {isa = PBXFileReference; lastKnownFileType = sourcecode.swift; path = BarcodeQrGenerator.swift; sourceTree = "<group>"; };
		110000A72C12345600000001 /* BluetoothPrinterService.swift */ = {isa = PBXFileReference; lastKnownFileType = sourcecode.swift; path = BluetoothPrinterService.swift; sourceTree = "<group>"; };
		110000A82C12345600000001 /* PrintScreenView.swift */ = {isa = PBXFileReference; lastKnownFileType = sourcecode.swift; path = PrintScreenView.swift; sourceTree = "<group>"; };
		110000A92C12345600000001 /* LiveTrackingMapView.swift */ = {isa = PBXFileReference; lastKnownFileType = sourcecode.swift; path = LiveTrackingMapView.swift; sourceTree = "<group>"; };
		110000C12C12345600000001 /* AttendanceManagementView.swift */ = {isa = PBXFileReference; lastKnownFileType = sourcecode.swift; path = AttendanceManagementView.swift; sourceTree = "<group>"; };
		110000C22C12345600000001 /* UserManagementFullView.swift */ = {isa = PBXFileReference; lastKnownFileType = sourcecode.swift; path = UserManagementFullView.swift; sourceTree = "<group>"; };
		110000C32C12345600000001 /* DepartmentManagerFullView.swift */ = {isa = PBXFileReference; lastKnownFileType = sourcecode.swift; path = DepartmentManagerFullView.swift; sourceTree = "<group>"; };
		110000C42C12345600000001 /* DeviceManagementFullView.swift */ = {isa = PBXFileReference; lastKnownFileType = sourcecode.swift; path = DeviceManagementFullView.swift; sourceTree = "<group>"; };
		110000E12C12345600000001 /* ApproveStaffFullView.swift */ = {isa = PBXFileReference; lastKnownFileType = sourcecode.swift; path = ApproveStaffFullView.swift; sourceTree = "<group>"; };
		110000E22C12345600000001 /* ShiftScheduleFullView.swift */ = {isa = PBXFileReference; lastKnownFileType = sourcecode.swift; path = ShiftScheduleFullView.swift; sourceTree = "<group>"; };
		110000E32C12345600000001 /* OnlineKtvMonitorFullView.swift */ = {isa = PBXFileReference; lastKnownFileType = sourcecode.swift; path = OnlineKtvMonitorFullView.swift; sourceTree = "<group>"; };
		110000E42C12345600000001 /* SupportRatingReportFullView.swift */ = {isa = PBXFileReference; lastKnownFileType = sourcecode.swift; path = SupportRatingReportFullView.swift; sourceTree = "<group>"; };
		110000E52C12345600000001 /* UnitRegionManagerFullView.swift */ = {isa = PBXFileReference; lastKnownFileType = sourcecode.swift; path = UnitRegionManagerFullView.swift; sourceTree = "<group>"; };
		110001012C12345600000001 /* AddDeviceFullView.swift */ = {isa = PBXFileReference; lastKnownFileType = sourcecode.swift; path = AddDeviceFullView.swift; sourceTree = "<group>"; };
		110001022C12345600000001 /* DeviceTypeManagerFullView.swift */ = {isa = PBXFileReference; lastKnownFileType = sourcecode.swift; path = DeviceTypeManagerFullView.swift; sourceTree = "<group>"; };
		110001032C12345600000001 /* HardwareScannerSettingsFullView.swift */ = {isa = PBXFileReference; lastKnownFileType = sourcecode.swift; path = HardwareScannerSettingsFullView.swift; sourceTree = "<group>"; };
		110001042C12345600000001 /* AssetStatisticsFullView.swift */ = {isa = PBXFileReference; lastKnownFileType = sourcecode.swift; path = AssetStatisticsFullView.swift; sourceTree = "<group>"; };
		110001052C12345600000001 /* PaywallLicenseFullView.swift */ = {isa = PBXFileReference; lastKnownFileType = sourcecode.swift; path = PaywallLicenseFullView.swift; sourceTree = "<group>"; };
		110001062C12345600000001 /* SpecialistTeamManagerFullView.swift */ = {isa = PBXFileReference; lastKnownFileType = sourcecode.swift; path = SpecialistTeamManagerFullView.swift; sourceTree = "<group>"; };
		110001072C12345600000001 /* AppInfoFullView.swift */ = {isa = PBXFileReference; lastKnownFileType = sourcecode.swift; path = AppInfoFullView.swift; sourceTree = "<group>"; };
		110001082C12345600000001 /* SystemSettingsFullView.swift */ = {isa = PBXFileReference; lastKnownFileType = sourcecode.swift; path = SystemSettingsFullView.swift; sourceTree = "<group>"; };
/* End PBXFileReference section */

/* Begin PBXFrameworksBuildPhase section */
		110000072C12345600000001 /* Frameworks */ = {
			isa = PBXFrameworksBuildPhase;
			buildActionMask = 2147483647;
			files = (
			);
			runOnlyForDeploymentPostprocessing = 0;
		};
/* End PBXFrameworksBuildPhase section */

/* Begin PBXGroup section */
		110000082C12345600000001 = {
			isa = PBXGroup;
			children = (
				110000092C12345600000001 /* iosApp */,
				1100000A2C12345600000001 /* Products */,
			);
			sourceTree = "<group>";
		};
		110000092C12345600000001 /* iosApp */ = {
			isa = PBXGroup;
			children = (
				220000002C12345600000001 /* MainContainerView.swift */,
				220000012C12345600000001 /* AppColors.swift */,
				220000022C12345600000001 /* UserModels.swift */,
				220000032C12345600000001 /* DeviceModels.swift */,
				220000042C12345600000001 /* TicketModels.swift */,
				220000052C12345600000001 /* AttendanceModels.swift */,
				220000062C12345600000001 /* ShiftModels.swift */,
				220000072C12345600000001 /* OrganizationModels.swift */,
				220000082C12345600000001 /* FirebaseConfig.swift */,
				220000092C12345600000001 /* FirestoreHelper.swift */,
				220000102C12345600000001 /* AuthService.swift */,
				220000112C12345600000001 /* AuthViewModel.swift */,
				220000122C12345600000001 /* HomeViewModel.swift */,
				220000132C12345600000001 /* DeviceViewModel.swift */,
				220000142C12345600000001 /* SupportViewModel.swift */,
				220000152C12345600000001 /* AttendanceViewModel.swift */,
				220000162C12345600000001 /* ShiftViewModel.swift */,
				220000172C12345600000001 /* LoginView.swift */,
				220000182C12345600000001 /* AppSidebarDrawer.swift */,
				220000192C12345600000001 /* HomeScreenView.swift */,
				220000202C12345600000001 /* DeviceListView.swift */,
				220000212C12345600000001 /* SupportHubView.swift */,
				220000222C12345600000001 /* TicketChatDetailView.swift */,
				220000232C12345600000001 /* AttendanceCheckInView.swift */,
				220000242C12345600000001 /* ShiftScheduleView.swift */,
				110001012C12345600000001 /* AddDeviceFullView.swift */,
				110001022C12345600000001 /* DeviceTypeManagerFullView.swift */,
				110001032C12345600000001 /* HardwareScannerSettingsFullView.swift */,
				110001042C12345600000001 /* AssetStatisticsFullView.swift */,
				110001052C12345600000001 /* PaywallLicenseFullView.swift */,
				110001062C12345600000001 /* SpecialistTeamManagerFullView.swift */,
				110001072C12345600000001 /* AppInfoFullView.swift */,
				110001082C12345600000001 /* SystemSettingsFullView.swift */,
				110000E12C12345600000001 /* ApproveStaffFullView.swift */,
				110000E22C12345600000001 /* ShiftScheduleFullView.swift */,
				110000E32C12345600000001 /* OnlineKtvMonitorFullView.swift */,
				110000E42C12345600000001 /* SupportRatingReportFullView.swift */,
				110000E52C12345600000001 /* UnitRegionManagerFullView.swift */,
				110000C12C12345600000001 /* AttendanceManagementView.swift */,
				110000C22C12345600000001 /* UserManagementFullView.swift */,
				110000C32C12345600000001 /* DepartmentManagerFullView.swift */,
				110000C42C12345600000001 /* DeviceManagementFullView.swift */,
				110000A12C12345600000001 /* CoopmartDirectory.swift */,
				110000A22C12345600000001 /* OSRMRoutingService.swift */,
				110000A32C12345600000001 /* CloudinaryService.swift */,
				110000A42C12345600000001 /* ZaloAssetConstants.swift */,
				110000A52C12345600000001 /* MediaViewerSheet.swift */,
				110000A62C12345600000001 /* BarcodeQrGenerator.swift */,
				110000A72C12345600000001 /* BluetoothPrinterService.swift */,
				110000A82C12345600000001 /* PrintScreenView.swift */,
				110000A92C12345600000001 /* LiveTrackingMapView.swift */,
				110000022C12345600000001 /* iOSApp.swift */,
				110000042C12345600000001 /* ContentView.swift */,
				110000062C12345600000001 /* Info.plist */,
				110000162C12345600000001 /* Assets.xcassets */,
			);
			path = iosApp;
			sourceTree = "<group>";
		};
		1100000A2C12345600000001 /* Products */ = {
			isa = PBXGroup;
			children = (
				110000052C12345600000001 /* QLTB.app */,
			);
			name = Products;
			sourceTree = "<group>";
		};
/* End PBXGroup section */

/* Begin PBXNativeTarget section */
		1100000B2C12345600000001 /* iosApp */ = {
			isa = PBXNativeTarget;
			buildConfigurationList = 1100000C2C12345600000001 /* Build configuration list for PBXNativeTarget "iosApp" */;
			buildPhases = (
				1100000D2C12345600000001 /* Sources */,
				110000072C12345600000001 /* Frameworks */,
				1100000E2C12345600000001 /* Resources */,
			);
			buildRules = (
			);
			dependencies = (
			);
			name = iosApp;
			productName = iosApp;
			productReference = 110000052C12345600000001 /* QLTB.app */;
			productType = "com.apple.product-type.application";
		};
/* End PBXNativeTarget section */

/* Begin PBXProject section */
		1100000F2C12345600000001 /* Project object */ = {
			isa = PBXProject;
			attributes = {
				BuildIndependentTargetsInParallel = 1;
				LastSwiftUpdateCheck = 1500;
				LastUpgradeCheck = 1500;
				TargetAttributes = {
					1100000B2C12345600000001 = {
						CreatedOnToolsVersion = 15.0;
					};
				};
			};
			buildConfigurationList = 110000102C12345600000001 /* Build configuration list for PBXProject "iosApp" */;
			compatibilityVersion = "Xcode 14.0";
			developmentRegion = en;
			hasScannedForEncodings = 0;
			knownRegions = (
				en,
				Base,
			);
			mainGroup = 110000082C12345600000001;
			productRefGroup = 1100000A2C12345600000001 /* Products */;
			projectDirPath = "";
			projectRoot = "";
			targets = (
				1100000B2C12345600000001 /* iosApp */,
			);
		};
/* End PBXProject section */

/* Begin PBXResourcesBuildPhase section */
		1100000E2C12345600000001 /* Resources */ = {
			isa = PBXResourcesBuildPhase;
			buildActionMask = 2147483647;
			files = (
				110000152C12345600000001 /* Assets.xcassets in Resources */,
			);
			runOnlyForDeploymentPostprocessing = 0;
		};
/* End PBXResourcesBuildPhase section */

/* Begin PBXSourcesBuildPhase section */
		1100000D2C12345600000001 /* Sources */ = {
			isa = PBXSourcesBuildPhase;
			buildActionMask = 2147483647;
			files = (
				220010002C12345600000001 /* MainContainerView.swift in Sources */,
				220010012C12345600000001 /* AppColors.swift in Sources */,
				220010022C12345600000001 /* UserModels.swift in Sources */,
				220010032C12345600000001 /* DeviceModels.swift in Sources */,
				220010042C12345600000001 /* TicketModels.swift in Sources */,
				220010052C12345600000001 /* AttendanceModels.swift in Sources */,
				220010062C12345600000001 /* ShiftModels.swift in Sources */,
				220010072C12345600000001 /* OrganizationModels.swift in Sources */,
				220010082C12345600000001 /* FirebaseConfig.swift in Sources */,
				220010092C12345600000001 /* FirestoreHelper.swift in Sources */,
				220010102C12345600000001 /* AuthService.swift in Sources */,
				220010112C12345600000001 /* AuthViewModel.swift in Sources */,
				220010122C12345600000001 /* HomeViewModel.swift in Sources */,
				220010132C12345600000001 /* DeviceViewModel.swift in Sources */,
				220010142C12345600000001 /* SupportViewModel.swift in Sources */,
				220010152C12345600000001 /* AttendanceViewModel.swift in Sources */,
				220010162C12345600000001 /* ShiftViewModel.swift in Sources */,
				220010172C12345600000001 /* LoginView.swift in Sources */,
				220010182C12345600000001 /* AppSidebarDrawer.swift in Sources */,
				220010192C12345600000001 /* HomeScreenView.swift in Sources */,
				220010202C12345600000001 /* DeviceListView.swift in Sources */,
				220010212C12345600000001 /* SupportHubView.swift in Sources */,
				220010222C12345600000001 /* TicketChatDetailView.swift in Sources */,
				220010232C12345600000001 /* AttendanceCheckInView.swift in Sources */,
				220010242C12345600000001 /* ShiftScheduleView.swift in Sources */,
				110001112C12345600000001 /* AddDeviceFullView.swift in Sources */,
				110001122C12345600000001 /* DeviceTypeManagerFullView.swift in Sources */,
				110001132C12345600000001 /* HardwareScannerSettingsFullView.swift in Sources */,
				110001142C12345600000001 /* AssetStatisticsFullView.swift in Sources */,
				110001152C12345600000001 /* PaywallLicenseFullView.swift in Sources */,
				110001162C12345600000001 /* SpecialistTeamManagerFullView.swift in Sources */,
				110001172C12345600000001 /* AppInfoFullView.swift in Sources */,
				110001182C12345600000001 /* SystemSettingsFullView.swift in Sources */,
				110000F12C12345600000001 /* ApproveStaffFullView.swift in Sources */,
				110000F22C12345600000001 /* ShiftScheduleFullView.swift in Sources */,
				110000F32C12345600000001 /* OnlineKtvMonitorFullView.swift in Sources */,
				110000F42C12345600000001 /* SupportRatingReportFullView.swift in Sources */,
				110000F52C12345600000001 /* UnitRegionManagerFullView.swift in Sources */,
				110000D12C12345600000001 /* AttendanceManagementView.swift in Sources */,
				110000D22C12345600000001 /* UserManagementFullView.swift in Sources */,
				110000D32C12345600000001 /* DepartmentManagerFullView.swift in Sources */,
				110000D42C12345600000001 /* DeviceManagementFullView.swift in Sources */,
				110000B12C12345600000001 /* CoopmartDirectory.swift in Sources */,
				110000B22C12345600000001 /* OSRMRoutingService.swift in Sources */,
				110000B32C12345600000001 /* CloudinaryService.swift in Sources */,
				110000B42C12345600000001 /* ZaloAssetConstants.swift in Sources */,
				110000B52C12345600000001 /* MediaViewerSheet.swift in Sources */,
				110000B62C12345600000001 /* BarcodeQrGenerator.swift in Sources */,
				110000B72C12345600000001 /* BluetoothPrinterService.swift in Sources */,
				110000B82C12345600000001 /* PrintScreenView.swift in Sources */,
				110000B92C12345600000001 /* LiveTrackingMapView.swift in Sources */,
				110000012C12345600000001 /* iOSApp.swift in Sources */,
				110000032C12345600000001 /* ContentView.swift in Sources */,
			);
			runOnlyForDeploymentPostprocessing = 0;
		};
/* End PBXSourcesBuildPhase section */

/* Begin XCBuildConfiguration section */
		110000112C12345600000001 /* Debug */ = {
			isa = XCBuildConfiguration;
			buildSettings = {
				ALWAYS_SEARCH_USER_PATHS = NO;
				ASSETCATALOG_COMPILER_GENERATE_SWIFT_ASSET_SYMBOL_EXTENSIONS = YES;
				CLANG_ANALYZER_NONNULL = YES;
				CLANG_ANALYZER_NUMBER_OBJECT_CONVERSION = YES_AGGRESSIVE;
				CLANG_CXX_LANGUAGE_STANDARD = "gnu++20";
				CLANG_ENABLE_MODULES = YES;
				CLANG_ENABLE_OBJC_ARC = YES;
				CLANG_ENABLE_OBJC_WEAK = YES;
				CLANG_WARN_BLOCK_CAPTURE_AUTORELEASING = YES;
				CLANG_WARN_BOOL_CONVERSION = YES;
				CLANG_WARN_COMMA = YES;
				CLANG_WARN_CONSTANT_CONVERSION = YES;
				CLANG_WARN_DEPRECATED_OBJC_IMPLEMENTATIONS = YES;
				CLANG_WARN_DIRECT_OBJC_ISA_USAGE = YES_ERROR;
				CLANG_WARN_DOCUMENTATION_COMMENTS = YES;
				CLANG_WARN_EMPTY_BODY = YES;
				CLANG_WARN_ENUM_CONVERSION = YES;
				CLANG_WARN_INFINITE_RECURSION = YES;
				CLANG_WARN_INT_CONVERSION = YES;
				CLANG_WARN_NON_LITERAL_NULL_CONVERSION = YES;
				CLANG_WARN_OBJC_IMPLICIT_RETAIN_SELF = YES;
				CLANG_WARN_OBJC_LITERAL_CONVERSION = YES;
				CLANG_WARN_OBJC_ROOT_CLASS = YES_ERROR;
				CLANG_WARN_QUOTED_INCLUDE_IN_FRAMEWORK_HEADER = YES;
				CLANG_WARN_RANGE_LOOP_ANALYSIS = YES;
				CLANG_WARN_STRICT_PROTOTYPES = YES;
				CLANG_WARN_SUSPICIOUS_MOVE = YES;
				CLANG_WARN_UNGUARDED_AVAILABILITY = YES_AGGRESSIVE;
				CLANG_WARN_UNREACHABLE_CODE = YES;
				CLANG_WARN__DUPLICATE_METHOD_MATCH = YES;
				COPY_PHASE_STRIP = NO;
				DEBUG_INFORMATION_FORMAT = dwarf;
				ENABLE_STRICT_OBJC_MSGSEND = YES;
				ENABLE_TESTABILITY = YES;
				ENABLE_USER_SCRIPT_SANDBOXING = NO;
				GCC_C_LANGUAGE_STANDARD = gnu17;
				GCC_DYNAMIC_NO_PIC = NO;
				GCC_NO_COMMON_BLOCKS = YES;
				GCC_OPTIMIZATION_LEVEL = 0;
				GCC_PREPROCESSOR_DEFINITIONS = (
					"DEBUG=1",
					"$(inherited)",
				);
				GCC_WARN_64_TO_32_BIT_CONVERSION = YES;
				GCC_WARN_ABOUT_RETURN_TYPE = YES_ERROR;
				GCC_WARN_UNDEFINED_VARIABLES = YES;
				GCC_WARN_UNUSED_FUNCTION = YES;
				GCC_WARN_UNUSED_VARIABLE = YES;
				IPHONEOS_DEPLOYMENT_TARGET = 15.0;
				MTL_ENABLE_DEBUG_INFO = INCLUDE_SOURCE;
				MTL_FAST_MATH = YES;
				ONLY_ACTIVE_ARCH = YES;
				SDKROOT = iphoneos;
				SWIFT_ACTIVE_COMPILATION_CONDITIONS = "DEBUG $(inherited)";
				SWIFT_OPTIMIZATION_LEVEL = "-Onone";
			};
			name = Debug;
		};
		110000122C12345600000001 /* Release */ = {
			isa = XCBuildConfiguration;
			buildSettings = {
				ALWAYS_SEARCH_USER_PATHS = NO;
				ASSETCATALOG_COMPILER_GENERATE_SWIFT_ASSET_SYMBOL_EXTENSIONS = YES;
				CLANG_ANALYZER_NONNULL = YES;
				CLANG_ANALYZER_NUMBER_OBJECT_CONVERSION = YES_AGGRESSIVE;
				CLANG_CXX_LANGUAGE_STANDARD = "gnu++20";
				CLANG_ENABLE_MODULES = YES;
				CLANG_ENABLE_OBJC_ARC = YES;
				CLANG_ENABLE_OBJC_WEAK = YES;
				CLANG_WARN_BLOCK_CAPTURE_AUTORELEASING = YES;
				CLANG_WARN_BOOL_CONVERSION = YES;
				CLANG_WARN_COMMA = YES;
				CLANG_WARN_CONSTANT_CONVERSION = YES;
				CLANG_WARN_DEPRECATED_OBJC_IMPLEMENTATIONS = YES;
				CLANG_WARN_DIRECT_OBJC_ISA_USAGE = YES_ERROR;
				CLANG_WARN_DOCUMENTATION_COMMENTS = YES;
				CLANG_WARN_EMPTY_BODY = YES;
				CLANG_WARN_ENUM_CONVERSION = YES;
				CLANG_WARN_INFINITE_RECURSION = YES;
				CLANG_WARN_INT_CONVERSION = YES;
				CLANG_WARN_NON_LITERAL_NULL_CONVERSION = YES;
				CLANG_WARN_OBJC_IMPLICIT_RETAIN_SELF = YES;
				CLANG_WARN_OBJC_LITERAL_CONVERSION = YES;
				CLANG_WARN_OBJC_ROOT_CLASS = YES_ERROR;
				CLANG_WARN_QUOTED_INCLUDE_IN_FRAMEWORK_HEADER = YES;
				CLANG_WARN_RANGE_LOOP_ANALYSIS = YES;
				CLANG_WARN_STRICT_PROTOTYPES = YES;
				CLANG_WARN_SUSPICIOUS_MOVE = YES;
				CLANG_WARN_UNGUARDED_AVAILABILITY = YES_AGGRESSIVE;
				CLANG_WARN_UNREACHABLE_CODE = YES;
				CLANG_WARN__DUPLICATE_METHOD_MATCH = YES;
				COPY_PHASE_STRIP = NO;
				DEBUG_INFORMATION_FORMAT = "dwarf-with-dsym";
				ENABLE_NS_ASSERTIONS = NO;
				ENABLE_STRICT_OBJC_MSGSEND = YES;
				ENABLE_USER_SCRIPT_SANDBOXING = NO;
				GCC_C_LANGUAGE_STANDARD = gnu17;
				GCC_NO_COMMON_BLOCKS = YES;
				GCC_WARN_64_TO_32_BIT_CONVERSION = YES;
				GCC_WARN_ABOUT_RETURN_TYPE = YES_ERROR;
				GCC_WARN_UNDEFINED_VARIABLES = YES;
				GCC_WARN_UNUSED_FUNCTION = YES;
				GCC_WARN_UNUSED_VARIABLE = YES;
				IPHONEOS_DEPLOYMENT_TARGET = 15.0;
				MTL_ENABLE_DEBUG_INFO = NO;
				MTL_FAST_MATH = YES;
				SDKROOT = iphoneos;
				SWIFT_COMPILATION_MODE = wholemodule;
				SWIFT_OPTIMIZATION_LEVEL = "-O";
				VALIDATE_PRODUCT = YES;
			};
			name = Release;
		};
		110000132C12345600000001 /* Debug */ = {
			isa = XCBuildConfiguration;
			buildSettings = {
				ASSETCATALOG_COMPILER_APPICON_NAME = AppIcon;
				ASSETCATALOG_COMPILER_GLOBAL_ACCENT_COLOR_NAME = AccentColor;
				CODE_SIGN_STYLE = Automatic;
				CURRENT_PROJECT_VERSION = 120;
				DEVELOPMENT_TEAM = "";
				GENERATE_INFOPLIST_FILE = NO;
				INFOPLIST_FILE = iosApp/Info.plist;
				INFOPLIST_KEY_CFBundleDisplayName = "Quản Lý Thiết Bị";
				LD_RUNPATH_SEARCH_PATHS = (
					"$(inherited)",
					"@executable_path/Frameworks",
				);
				MARKETING_VERSION = 1.2.0;
				PRODUCT_BUNDLE_IDENTIFIER = com.saigoncoop.qltb;
				PRODUCT_NAME = "$(TARGET_NAME)";
				SWIFT_EMIT_LOC_STRINGS = YES;
				SWIFT_VERSION = 5.0;
				TARGETED_DEVICE_FAMILY = "1,2";
			};
			name = Debug;
		};
		110000142C12345600000001 /* Release */ = {
			isa = XCBuildConfiguration;
			buildSettings = {
				ASSETCATALOG_COMPILER_APPICON_NAME = AppIcon;
				ASSETCATALOG_COMPILER_GLOBAL_ACCENT_COLOR_NAME = AccentColor;
				CODE_SIGN_STYLE = Automatic;
				CURRENT_PROJECT_VERSION = 120;
				DEVELOPMENT_TEAM = "";
				GENERATE_INFOPLIST_FILE = NO;
				INFOPLIST_FILE = iosApp/Info.plist;
				INFOPLIST_KEY_CFBundleDisplayName = "Quản Lý Thiết Bị";
				LD_RUNPATH_SEARCH_PATHS = (
					"$(inherited)",
					"@executable_path/Frameworks",
				);
				MARKETING_VERSION = 1.2.0;
				PRODUCT_BUNDLE_IDENTIFIER = com.saigoncoop.qltb;
				PRODUCT_NAME = "$(TARGET_NAME)";
				SWIFT_EMIT_LOC_STRINGS = YES;
				SWIFT_VERSION = 5.0;
				TARGETED_DEVICE_FAMILY = "1,2";
			};
			name = Release;
		};
/* End XCBuildConfiguration section */

/* Begin XCConfigurationList section */
		1100000C2C12345600000001 /* Build configuration list for PBXNativeTarget "iosApp" */ = {
			isa = XCConfigurationList;
			buildConfigurations = (
				110000132C12345600000001 /* Debug */,
				110000142C12345600000001 /* Release */,
			);
			defaultConfigurationIsVisible = 0;
			defaultConfigurationName = Release;
		};
		110000102C12345600000001 /* Build configuration list for PBXProject "iosApp" */ = {
			isa = XCConfigurationList;
			buildConfigurations = (
				110000112C12345600000001 /* Debug */,
				110000122C12345600000001 /* Release */,
			);
			defaultConfigurationIsVisible = 0;
			defaultConfigurationName = Release;
		};
/* End XCConfigurationList section */
	};
	rootObject = 1100000F2C12345600000001 /* Project object */;
}
